// !$*UTF8*$!
{
	archiveVersion = 1;
	classes = {
	};
	objectVersion = 46;
	objects = {

/* Begin PBXBuildFile section */
		4CF13EEF19D4F278006B3D26 /* main.m in Sources */ = {isa = PBXBuildFile; fileRef = 4CF13EEE19D4F278006B3D26 /* main.m */; };
		4CF13EF219D4F278006B3D26 /* AppDelegate.m in Sources */ = {isa = PBXBuildFile; fileRef = 4CF13EF119D4F278006B3D26 /* AppDelegate.m */; };
		4CF13EF519D4F278006B3D26 /* SplashScene.m in Sources */ = {isa = PBXBuildFile; fileRef = 4CF13EF419D4F278006B3D26 /* SplashScene.m */; };
		4CF13EF719D4F278006B3D26 /* GameScene.sks in Resources */ = {isa = PBXBuildFile; fileRef = 4CF13EF619D4F278006B3D26 /* GameScene.sks */; };
		4CF13EFA19D4F278006B3D26 /* GameViewController.m in Sources */ = {isa = PBXBuildFile; fileRef = 4CF13EF919D4F278006B3D26 /* GameViewController.m */; };
		4CF13EFD19D4F278006B3D26 /* Main.storyboard in Resources */ = {isa = PBXBuildFile; fileRef = 4CF13EFB19D4F278006B3D26 /* Main.storyboard */; };
		4CF13EFF19D4F278006B3D26 /* Images.xcassets in Resources */ = {isa = PBXBuildFile; fileRef = 4CF13EFE19D4F278006B3D26 /* Images.xcassets */; };
		4CF13F0219D4F278006B3D26 /* LaunchScreen.xib in Resources */ = {isa = PBXBuildFile; fileRef = 4CF13F0019D4F278006B3D26 /* LaunchScreen.xib */; };
		4CF13F0E19D4F278006B3D26 /* Sewer_BrosTests.m in Sources */ = {isa = PBXBuildFile; fileRef = 4CF13F0D19D4F278006B3D26 /* Sewer_BrosTests.m */; };
		4CF13F1919D4F55E006B3D26 /* SewerSplash_480.png in Resources */ = {isa = PBXBuildFile; fileRef = 4CF13F1719D4F55E006B3D26 /* SewerSplash_480.png */; };
		4CF13F1A19D4F55E006B3D26 /* SewerSplash_568.png in Resources */ = {isa = PBXBuildFile; fileRef = 4CF13F1819D4F55E006B3D26 /* SewerSplash_568.png */; };
/* End PBXBuildFile section */

/* Begin PBXContainerItemProxy section */
		4CF13F0819D4F278006B3D26 /* PBXContainerItemProxy */ = {
			isa = PBXContainerItemProxy;
			containerPortal = 4CF13EE119D4F278006B3D26 /* Project object */;
			proxyType = 1;
			remoteGlobalIDString = 4CF13EE819D4F278006B3D26;
			remoteInfo = "Sewer Bros";
		};
/* End PBXContainerItemProxy section */

/* Begin PBXFileReference section */
		4CF13EE919D4F278006B3D26 /* Sewer Bros.app */ = {isa = PBXFileReference; explicitFileType = wrapper.application; includeInIndex = 0; path = "Sewer Bros.app"; sourceTree = BUILT_PRODUCTS_DIR; };
		4CF13EED19D4F278006B3D26 /* Info.plist */ = {isa = PBXFileReference; lastKnownFileType = text.plist.xml; path = Info.plist; sourceTree = "<group>"; };
		4CF13EEE19D4F278006B3D26 /* main.m */ = {isa = PBXFileReference; lastKnownFileType = sourcecode.c.objc; path = main.m; sourceTree = "<group>"; };
		4CF13EF019D4F278006B3D26 /* AppDelegate.h */ = {isa = PBXFileReference; lastKnownFileType = sourcecode.c.h; path = AppDelegate.h; sourceTree = "<group>"; };
		4CF13EF119D4F278006B3D26 /* AppDelegate.m */ = {isa = PBXFileReference; lastKnownFileType = sourcecode.c.objc; path = AppDelegate.m; sourceTree = "<group>"; };
		4CF13EF319D4F278006B3D26 /* SplashScene.h */ = {isa = PBXFileReference; lastKnownFileType = sourcecode.c.h; path = SplashScene.h; sourceTree = "<group>"; };
		4CF13EF419D4F278006B3D26 /* SplashScene.m */ = {isa = PBXFileReference; lastKnownFileType = sourcecode.c.objc; path = SplashScene.m; sourceTree = "<group>"; };
		4CF13EF619D4F278006B3D26 /* GameScene.sks */ = {isa = PBXFileReference; lastKnownFileType = file.sks; path = GameScene.sks; sourceTree = "<group>"; };
		4CF13EF819D4F278006B3D26 /* GameViewController.h */ = {isa = PBXFileReference; lastKnownFileType = sourcecode.c.h; path = GameViewController.h; sourceTree = "<group>"; };
		4CF13EF919D4F278006B3D26 /* GameViewController.m */ = {isa = PBXFileReference; lastKnownFileType = sourcecode.c.objc; path = GameViewController.m; sourceTree = "<group>"; };
		4CF13EFC19D4F278006B3D26 /* Base */ = {isa = PBXFileReference; lastKnownFileType = file.storyboard; name = Base; path = Base.lproj/Main.storyboard; sourceTree = "<group>"; };
		4CF13EFE19D4F278006B3D26 /* Images.xcassets */ = {isa = PBXFileReference; lastKnownFileType = folder.assetcatalog; path = Images.xcassets; sourceTree = "<group>"; };
		4CF13F0119D4F278006B3D26 /* Base */ = {isa = PBXFileReference; lastKnownFileType = file.xib; name = Base; path = Base.lproj/LaunchScreen.xib; sourceTree = "<group>"; };
		4CF13F0719D4F278006B3D26 /* Sewer BrosTests.xctest */ = {isa = PBXFileReference; explicitFileType = wrapper.cfbundle; includeInIndex = 0; path = "Sewer BrosTests.xctest"; sourceTree = BUILT_PRODUCTS_DIR; };
		4CF13F0C19D4F278006B3D26 /* Info.plist */ = {isa = PBXFileReference; lastKnownFileType = text.plist.xml; path = Info.plist; sourceTree = "<group>"; };
		4CF13F0D19D4F278006B3D26 /* Sewer_BrosTests.m */ = {isa = PBXFileReference; lastKnownFileType = sourcecode.c.objc; path = Sewer_BrosTests.m; sourceTree = "<group>"; };
		4CF13F1719D4F55E006B3D26 /* SewerSplash_480.png */ = {isa = PBXFileReference; lastKnownFileType = image.png; path = SewerSplash_480.png; sourceTree = "<group>"; };
		4CF13F1819D4F55E006B3D26 /* SewerSplash_568.png */ = {isa = PBXFileReference; lastKnownFileType = image.png; path = SewerSplash_568.png; sourceTree = "<group>"; };
/* End PBXFileReference section */

/* Begin PBXFrameworksBuildPhase section */
		4CF13EE619D4F278006B3D26 /* Frameworks */ = {
			isa = PBXFrameworksBuildPhase;
			buildActionMask = 2147483647;
			files = (
			);
			runOnlyForDeploymentPostprocessing = 0;
		};
		4CF13F0419D4F278006B3D26 /* Frameworks */ = {
			isa = PBXFrameworksBuildPhase;
			buildActionMask = 2147483647;
			files = (
			);
			runOnlyForDeploymentPostprocessing = 0;
		};
/* End PBXFrameworksBuildPhase section */

/* Begin PBXGroup section */
		4CF13EE019D4F278006B3D26 = {
			isa = PBXGroup;
			children = (
				4CF13EEB19D4F278006B3D26 /* Sewer Bros */,
				4CF13F0A19D4F278006B3D26 /* Sewer BrosTests */,
				4CF13EEA19D4F278006B3D26 /* Products */,
			);
			sourceTree = "<group>";
		};
		4CF13EEA19D4F278006B3D26 /* Products */ = {
			isa = PBXGroup;
			children = (
				4CF13EE919D4F278006B3D26 /* Sewer Bros.app */,
				4CF13F0719D4F278006B3D26 /* Sewer BrosTests.xctest */,
			);
			name = Products;
			sourceTree = "<group>";
		};
		4CF13EEB19D4F278006B3D26 /* Sewer Bros */ = {
			isa = PBXGroup;
			children = (
				4CF13F1719D4F55E006B3D26 /* SewerSplash_480.png */,
				4CF13F1819D4F55E006B3D26 /* SewerSplash_568.png */,
				4CF13EF019D4F278006B3D26 /* AppDelegate.h */,
				4CF13EF119D4F278006B3D26 /* AppDelegate.m */,
				4CF13EF319D4F278006B3D26 /* SplashScene.h */,
				4CF13EF419D4F278006B3D26 /* SplashScene.m */,
				4CF13EF619D4F278006B3D26 /* GameScene.sks */,
				4CF13EF819D4F278006B3D26 /* GameViewController.h */,
				4CF13EF919D4F278006B3D26 /* GameViewController.m */,
				4CF13EFB19D4F278006B3D26 /* Main.storyboard */,
				4CF13EFE19D4F278006B3D26 /* Images.xcassets */,
				4CF13F0019D4F278006B3D26 /* LaunchScreen.xib */,
				4CF13EEC19D4F278006B3D26 /* Supporting Files */,
			);
			path = "Sewer Bros";
			sourceTree = "<group>";
		};
		4CF13EEC19D4F278006B3D26 /* Supporting Files */ = {
			isa = PBXGroup;
			children = (
				4CF13EED19D4F278006B3D26 /* Info.plist */,
				4CF13EEE19D4F278006B3D26 /* main.m */,
			);
			name = "Supporting Files";
			sourceTree = "<group>";
		};
		4CF13F0A19D4F278006B3D26 /* Sewer BrosTests */ = {
			isa = PBXGroup;
			children = (
				4CF13F0D19D4F278006B3D26 /* Sewer_BrosTests.m */,
				4CF13F0B19D4F278006B3D26 /* Supporting Files */,
			);
			path = "Sewer BrosTests";
			sourceTree = "<group>";
		};
		4CF13F0B19D4F278006B3D26 /* Supporting Files */ = {
			isa = PBXGroup;
			children = (
				4CF13F0C19D4F278006B3D26 /* Info.plist */,
			);
			name = "Supporting Files";
			sourceTree = "<group>";
		};
/* End PBXGroup section */

/* Begin PBXNativeTarget section */
		4CF13EE819D4F278006B3D26 /* Sewer Bros */ = {
			isa = PBXNativeTarget;
			buildConfigurationList = 4CF13F1119D4F278006B3D26 /* Build configuration list for PBXNativeTarget "Sewer Bros" */;
			buildPhases = (
				4CF13EE519D4F278006B3D26 /* Sources */,
				4CF13EE619D4F278006B3D26 /* Frameworks */,
				4CF13EE719D4F278006B3D26 /* Resources */,
			);
			buildRules = (
			);
			dependencies = (
			);
			name = "Sewer Bros";
			productName = "Sewer Bros";
			productReference = 4CF13EE919D4F278006B3D26 /* Sewer Bros.app */;
			productType = "com.apple.product-type.application";
		};
		4CF13F0619D4F278006B3D26 /* Sewer BrosTests */ = {
			isa = PBXNativeTarget;
			buildConfigurationList = 4CF13F1419D4F278006B3D26 /* Build configuration list for PBXNativeTarget "Sewer BrosTests" */;
			buildPhases = (
				4CF13F0319D4F278006B3D26 /* Sources */,
				4CF13F0419D4F278006B3D26 /* Frameworks */,
				4CF13F0519D4F278006B3D26 /* Resources */,
			);
			buildRules = (
			);
			dependencies = (
				4CF13F0919D4F278006B3D26 /* PBXTargetDependency */,
			);
			name = "Sewer BrosTests";
			productName = "Sewer BrosTests";
			productReference = 4CF13F0719D4F278006B3D26 /* Sewer BrosTests.xctest */;
			productType = "com.apple.product-type.bundle.unit-test";
		};
/* End PBXNativeTarget section */

/* Begin PBXProject section */
		4CF13EE119D4F278006B3D26 /* Project object */ = {
			isa = PBXProject;
			attributes = {
				LastUpgradeCheck = 0600;
				ORGANIZATIONNAME = "Yinhuan Yuan";
				TargetAttributes = {
					4CF13EE819D4F278006B3D26 = {
						CreatedOnToolsVersion = 6.0.1;
					};
					4CF13F0619D4F278006B3D26 = {
						CreatedOnToolsVersion = 6.0.1;
						TestTargetID = 4CF13EE819D4F278006B3D26;
					};
				};
			};
			buildConfigurationList = 4CF13EE419D4F278006B3D26 /* Build configuration list for PBXProject "Sewer Bros" */;
			compatibilityVersion = "Xcode 3.2";
			developmentRegion = English;
			hasScannedForEncodings = 0;
			knownRegions = (
				en,
				Base,
			);
			mainGroup = 4CF13EE019D4F278006B3D26;
			productRefGroup = 4CF13EEA19D4F278006B3D26 /* Products */;
			projectDirPath = "";
			projectRoot = "";
			targets = (
				4CF13EE819D4F278006B3D26 /* Sewer Bros */,
				4CF13F0619D4F278006B3D26 /* Sewer BrosTests */,
			);
		};
/* End PBXProject section */

/* Begin PBXResourcesBuildPhase section */
		4CF13EE719D4F278006B3D26 /* Resources */ = {
			isa = PBXResourcesBuildPhase;
			buildActionMask = 2147483647;
			files = (
				4CF13F0219D4F278006B3D26 /* LaunchScreen.xib in Resources */,
				4CF13EFF19D4F278006B3D26 /* Images.xcassets in Resources */,
				4CF13EF719D4F278006B3D26 /* GameScene.sks in Resources */,
				4CF13F1A19D4F55E006B3D26 /* SewerSplash_568.png in Resources */,
				4CF13F1919D4F55E006B3D26 /* SewerSplash_480.png in Resources */,
				4CF13EFD19D4F278006B3D26 /* Main.storyboard in Resources */,
			);
			runOnlyForDeploymentPostprocessing = 0;
		};
		4CF13F0519D4F278006B3D26 /* Resources */ = {
			isa = PBXResourcesBuildPhase;
			buildActionMask = 2147483647;
			files = (
			);
			runOnlyForDeploymentPostprocessing = 0;
		};
/* End PBXResourcesBuildPhase section */

/* Begin PBXSourcesBuildPhase section */
		4CF13EE519D4F278006B3D26 /* Sources */ = {
			isa = PBXSourcesBuildPhase;
			buildActionMask = 2147483647;
			files = (
				4CF13EFA19D4F278006B3D26 /* GameViewController.m in Sources */,
				4CF13EF219D4F278006B3D26 /* AppDelegate.m in Sources */,
				4CF13EF519D4F278006B3D26 /* SplashScene.m in Sources */,
				4CF13EEF19D4F278006B3D26 /* main.m in Sources */,
			);
			runOnlyForDeploymentPostprocessing = 0;
		};
		4CF13F0319D4F278006B3D26 /* Sources */ = {
			isa = PBXSourcesBuildPhase;
			buildActionMask = 2147483647;
			files = (
				4CF13F0E19D4F278006B3D26 /* Sewer_BrosTests.m in Sources */,
			);
			runOnlyForDeploymentPostprocessing = 0;
		};
/* End PBXSourcesBuildPhase section */

/* Begin PBXTargetDependency section */
		4CF13F0919D4F278006B3D26 /* PBXTargetDependency */ = {
			isa = PBXTargetDependency;
			target = 4CF13EE819D4F278006B3D26 /* Sewer Bros */;
			targetProxy = 4CF13F0819D4F278006B3D26 /* PBXContainerItemProxy */;
		};
/* End PBXTargetDependency section */

/* Begin PBXVariantGroup section */
		4CF13EFB19D4F278006B3D26 /* Main.storyboard */ = {
			isa = PBXVariantGroup;
			children = (
				4CF13EFC19D4F278006B3D26 /* Base */,
			);
			name = Main.storyboard;
			sourceTree = "<group>";
		};
		4CF13F0019D4F278006B3D26 /* LaunchScreen.xib */ = {
			isa = PBXVariantGroup;
			children = (
				4CF13F0119D4F278006B3D26 /* Base */,
			);
			name = LaunchScreen.xib;
			sourceTree = "<group>";
		};
/* End PBXVariantGroup section */

/* Begin XCBuildConfiguration section */
		4CF13F0F19D4F278006B3D26 /* Debug */ = {
			isa = XCBuildConfiguration;
			buildSettings = {
				ALWAYS_SEARCH_USER_PATHS = NO;
				CLANG_CXX_LANGUAGE_STANDARD = "gnu++0x";
				CLANG_CXX_LIBRARY = "libc++";
				CLANG_ENABLE_MODULES = YES;
				CLANG_ENABLE_OBJC_ARC = YES;
				CLANG_WARN_BOOL_CONVERSION = YES;
				CLANG_WARN_CONSTANT_CONVERSION = YES;
				CLANG_WARN_DIRECT_OBJC_ISA_USAGE = YES_ERROR;
				CLANG_WARN_EMPTY_BODY = YES;
				CLANG_WARN_ENUM_CONVERSION = YES;
				CLANG_WARN_INT_CONVERSION = YES;
				CLANG_WARN_OBJC_ROOT_CLASS = YES_ERROR;
				CLANG_WARN_UNREACHABLE_CODE = YES;
				CLANG_WARN__DUPLICATE_METHOD_MATCH = YES;
				"CODE_SIGN_IDENTITY[sdk=iphoneos*]" = "iPhone Developer";
				COPY_PHASE_STRIP = NO;
				ENABLE_STRICT_OBJC_MSGSEND = YES;
				GCC_C_LANGUAGE_STANDARD = gnu99;
				GCC_DYNAMIC_NO_PIC = NO;
				GCC_OPTIMIZATION_LEVEL = 0;
				GCC_PREPROCESSOR_DEFINITIONS = (
					"DEBUG=1",
					"$(inherited)",
				);
				GCC_SYMBOLS_PRIVATE_EXTERN = NO;
				GCC_WARN_64_TO_32_BIT_CONVERSION = YES;
				GCC_WARN_ABOUT_RETURN_TYPE = YES_ERROR;
				GCC_WARN_UNDECLARED_SELECTOR = YES;
				GCC_WARN_UNINITIALIZED_AUTOS = YES_AGGRESSIVE;
				GCC_WARN_UNUSED_FUNCTION = YES;
				GCC_WARN_UNUSED_VARIABLE = YES;
				IPHONEOS_DEPLOYMENT_TARGET = 8.0;
				MTL_ENABLE_DEBUG_INFO = YES;
				ONLY_ACTIVE_ARCH = YES;
				SDKROOT = iphoneos;
			};
			name = Debug;
		};
		4CF13F1019D4F278006B3D26 /* Release */ = {
			isa = XCBuildConfiguration;
			buildSettings = {
				ALWAYS_SEARCH_USER_PATHS = NO;
				CLANG_CXX_LANGUAGE_STANDARD = "gnu++0x";
				CLANG_CXX_LIBRARY = "libc++";
				CLANG_ENABLE_MODULES = YES;
				CLANG_ENABLE_OBJC_ARC = YES;
				CLANG_WARN_BOOL_CONVERSION = YES;
				CLANG_WARN_CONSTANT_CONVERSION = YES;
				CLANG_WARN_DIRECT_OBJC_ISA_USAGE = YES_ERROR;
				CLANG_WARN_EMPTY_BODY = YES;
				CLANG_WARN_ENUM_CONVERSION = YES;
				CLANG_WARN_INT_CONVERSION = YES;
				CLANG_WARN_OBJC_ROOT_CLASS = YES_ERROR;
				CLANG_WARN_UNREACHABLE_CODE = YES;
				CLANG_WARN__DUPLICATE_METHOD_MATCH = YES;
				"CODE_SIGN_IDENTITY[sdk=iphoneos*]" = "iPhone Developer";
				COPY_PHASE_STRIP = YES;
				ENABLE_NS_ASSERTIONS = NO;
				ENABLE_STRICT_OBJC_MSGSEND = YES;
				GCC_C_LANGUAGE_STANDARD = gnu99;
				GCC_WARN_64_TO_32_BIT_CONVERSION = YES;
				GCC_WARN_ABOUT_RETURN_TYPE = YES_ERROR;
				GCC_WARN_UNDECLARED_SELECTOR = YES;
				GCC_WARN_UNINITIALIZED_AUTOS = YES_AGGRESSIVE;
				GCC_WARN_UNUSED_FUNCTION = YES;
				GCC_WARN_UNUSED_VARIABLE = YES;
				IPHONEOS_DEPLOYMENT_TARGET = 8.0;
				MTL_ENABLE_DEBUG_INFO = NO;
				SDKROOT = iphoneos;
				VALIDATE_PRODUCT = YES;
			};
			name = Release;
		};
		4CF13F1219D4F278006B3D26 /* Debug */ = {
			isa = XCBuildConfiguration;
			buildSettings = {
				ASSETCATALOG_COMPILER_APPICON_NAME = AppIcon;
				INFOPLIST_FILE = "Sewer Bros/Info.plist";
				LD_RUNPATH_SEARCH_PATHS = "$(inherited) @executable_path/Frameworks";
				PRODUCT_NAME = "$(TARGET_NAME)";
			};
			name = Debug;
		};
		4CF13F1319D4F278006B3D26 /* Release */ = {
			isa = XCBuildConfiguration;
			buildSettings = {
				ASSETCATALOG_COMPILER_APPICON_NAME = AppIcon;
				INFOPLIST_FILE = "Sewer Bros/Info.plist";
				LD_RUNPATH_SEARCH_PATHS = "$(inherited) @executable_path/Frameworks";
				PRODUCT_NAME = "$(TARGET_NAME)";
			};
			name = Release;
		};
		4CF13F1519D4F278006B3D26 /* Debug */ = {
			isa = XCBuildConfiguration;
			buildSettings = {
				BUNDLE_LOADER = "$(TEST_HOST)";
				FRAMEWORK_SEARCH_PATHS = (
					"$(SDKROOT)/Developer/Library/Frameworks",
					"$(inherited)",
				);
				GCC_PREPROCESSOR_DEFINITIONS = (
					"DEBUG=1",
					"$(inherited)",
				);
				INFOPLIST_FILE = "Sewer BrosTests/Info.plist";
				LD_RUNPATH_SEARCH_PATHS = "$(inherited) @executable_path/Frameworks @loader_path/Frameworks";
				PRODUCT_NAME = "$(TARGET_NAME)";
				TEST_HOST = "$(BUILT_PRODUCTS_DIR)/Sewer Bros.app/Sewer Bros";
			};
			name = Debug;
		};
		4CF13F1619D4F278006B3D26 /* Release */ = {
			isa = XCBuildConfiguration;
			buildSettings = {
				BUNDLE_LOADER = "$(TEST_HOST)";
				FRAMEWORK_SEARCH_PATHS = (
					"$(SDKROOT)/Developer/Library/Frameworks",
					"$(inherited)",
				);
				INFOPLIST_FILE = "Sewer BrosTests/Info.plist";
				LD_RUNPATH_SEARCH_PATHS = "$(inherited) @executable_path/Frameworks @loader_path/Frameworks";
				PRODUCT_NAME = "$(TARGET_NAME)";
				TEST_HOST = "$(BUILT_PRODUCTS_DIR)/Sewer Bros.app/Sewer Bros";
			};
			name = Release;
		};
/* End XCBuildConfiguration section */

/* Begin XCConfigurationList section */
		4CF13EE419D4F278006B3D26 /* Build configuration list for PBXProject "Sewer Bros" */ = {
			isa = XCConfigurationList;
			buildConfigurations = (
				4CF13F0F19D4F278006B3D26 /* Debug */,
				4CF13F1019D4F278006B3D26 /* Release */,
			);
			defaultConfigurationIsVisible = 0;
			defaultConfigurationName = Release;
		};
		4CF13F1119D4F278006B3D26 /* Build configuration list for PBXNativeTarget "Sewer Bros" */ = {
			isa = XCConfigurationList;
			buildConfigurations = (
				4CF13F1219D4F278006B3D26 /* Debug */,
				4CF13F1319D4F278006B3D26 /* Release */,
			);
			defaultConfigurationIsVisible = 0;
		};
		4CF13F1419D4F278006B3D26 /* Build configuration list for PBXNativeTarget "Sewer BrosTests" */ = {
			isa = XCConfigurationList;
			buildConfigurations = (
				4CF13F1519D4F278006B3D26 /* Debug */,
				4CF13F1619D4F278006B3D26 /* Release */,
			);
			defaultConfigurationIsVisible = 0;
		};
/* End XCConfigurationList section */
	};
	rootObject = 4CF13EE119D4F278006B3D26 /* Project object */;
}
